
Microsoft Visual Studio Solution File, Format Version 12.00
# Visual Studio 14
VisualStudioVersion = 14.0.25420.1
MinimumVisualStudioVersion = 10.0.40219.1
Project("{FAE04EC0-301F-11D3-BF4B-00C04F79EFBC}") = "WebApplication1", "WebApplication1\WebApplication1.csproj", "{2E48EABA-6E73-49E8-9163-67C533D3E254}"
EndProject
Project("{FAE04EC0-301F-11D3-BF4B-00C04F79EFBC}") = "Dal", "Dal\Dal.csproj", "{01B1A7F6-D5DC-4337-8C04-1CD24941FCF2}"
EndProject
Project("{FAE04EC0-301F-11D3-BF4B-00C04F79EFBC}") = "BL", "BL\BL.csproj", "{0C4B39D7-7E13-4234-B0B5-46C11D03D1FA}"
EndProject
Global
	GlobalSection(SolutionConfigurationPlatforms) = preSolution
		Debug|Any CPU = Debug|Any CPU
		Release|Any CPU = Release|Any CPU
	EndGlobalSection
	GlobalSection(ProjectConfigurationPlatforms) = postSolution
		{2E48EABA-6E73-49E8-9163-67C533D3E254}.Debug|Any CPU.ActiveCfg = Debug|Any CPU
		{2E48EABA-6E73-49E8-9163-67C533D3E254}.Debug|Any CPU.Build.0 = Debug|Any CPU
		{2E48EABA-6E73-49E8-9163-67C533D3E254}.Release|Any CPU.ActiveCfg = Release|Any CPU
		{2E48EABA-6E73-49E8-9163-67C533D3E254}.Release|Any CPU.Build.0 = Release|Any CPU
		{01B1A7F6-D5DC-4337-8C04-1CD24941FCF2}.Debug|Any CPU.ActiveCfg = Debug|Any CPU
		{01B1A7F6-D5DC-4337-8C04-1CD24941FCF2}.Debug|Any CPU.Build.0 = Debug|Any CPU
		{01B1A7F6-D5DC-4337-8C04-1CD24941FCF2}.Release|Any CPU.ActiveCfg = Release|Any CPU
		{01B1A7F6-D5DC-4337-8C04-1CD24941FCF2}.Release|Any CPU.Build.0 = Release|Any CPU
		{0C4B39D7-7E13-4234-B0B5-46C11D03D1FA}.Debug|Any CPU.ActiveCfg = Debug|Any CPU
		{0C4B39D7-7E13-4234-B0B5-46C11D03D1FA}.Debug|Any CPU.Build.0 = Debug|Any CPU
		{0C4B39D7-7E13-4234-B0B5-46C11D03D1FA}.Release|Any CPU.ActiveCfg = Release|Any CPU
		{0C4B39D7-7E13-4234-B0B5-46C11D03D1FA}.Release|Any CPU.Build.0 = Release|Any CPU
	EndGlobalSection
	GlobalSection(SolutionProperties) = preSolution
		HideSolutionNode = FALSE
	EndGlobalSection
EndGlobal
